// !$*UTF8*$!
{
	archiveVersion = 1;
	classes = {
	};
	objectVersion = 48;
	objects = {

/* Begin PBXBuildFile section */
		077A79601F9ED49700A3BD03 /* AppDelegate.swift in Sources */ = {isa = PBXBuildFile; fileRef = 077A795F1F9ED49700A3BD03 /* AppDelegate.swift */; };
		077A79621F9ED49700A3BD03 /* ViewController.swift in Sources */ = {isa = PBXBuildFile; fileRef = 077A79611F9ED49700A3BD03 /* ViewController.swift */; };
		077A79651F9ED49700A3BD03 /* Main.storyboard in Resources */ = {isa = PBXBuildFile; fileRef = 077A79631F9ED49700A3BD03 /* Main.storyboard */; };
		077A79671F9ED49700A3BD03 /* Assets.xcassets in Resources */ = {isa = PBXBuildFile; fileRef = 077A79661F9ED49700A3BD03 /* Assets.xcassets */; };
		077A796A1F9ED49700A3BD03 /* LaunchScreen.storyboard in Resources */ = {isa = PBXBuildFile; fileRef = 077A79681F9ED49700A3BD03 /* LaunchScreen.storyboard */; };
		077A79751F9ED49700A3BD03 /* TestSwinjectTests.swift in Sources */ = {isa = PBXBuildFile; fileRef = 077A79741F9ED49700A3BD03 /* TestSwinjectTests.swift */; };
		077A79801F9ED49700A3BD03 /* TestSwinjectUITests.swift in Sources */ = {isa = PBXBuildFile; fileRef = 077A797F1F9ED49700A3BD03 /* TestSwinjectUITests.swift */; };
/* End PBXBuildFile section */

/* Begin PBXContainerItemProxy section */
		077A79711F9ED49700A3BD03 /* PBXContainerItemProxy */ = {
			isa = PBXContainerItemProxy;
			containerPortal = 077A79541F9ED49600A3BD03 /* Project object */;
			proxyType = 1;
			remoteGlobalIDString = 077A795B1F9ED49700A3BD03;
			remoteInfo = TestSwinject;
		};
		077A797C1F9ED49700A3BD03 /* PBXContainerItemProxy */ = {
			isa = PBXContainerItemProxy;
			containerPortal = 077A79541F9ED49600A3BD03 /* Project object */;
			proxyType = 1;
			remoteGlobalIDString = 077A795B1F9ED49700A3BD03;
			remoteInfo = TestSwinject;
		};
/* End PBXContainerItemProxy section */

/* Begin PBXFileReference section */
		077A795C1F9ED49700A3BD03 /* TestSwinject.app */ = {isa = PBXFileReference; explicitFileType = wrapper.application; includeInIndex = 0; path = TestSwinject.app; sourceTree = BUILT_PRODUCTS_DIR; };
		077A795F1F9ED49700A3BD03 /* AppDelegate.swift */ = {isa = PBXFileReference; lastKnownFileType = sourcecode.swift; path = AppDelegate.swift; sourceTree = "<group>"; };
		077A79611F9ED49700A3BD03 /* ViewController.swift */ = {isa = PBXFileReference; lastKnownFileType = sourcecode.swift; path = ViewController.swift; sourceTree = "<group>"; };
		077A79641F9ED49700A3BD03 /* Base */ = {isa = PBXFileReference; lastKnownFileType = file.storyboard; name = Base; path = Base.lproj/Main.storyboard; sourceTree = "<group>"; };
		077A79661F9ED49700A3BD03 /* Assets.xcassets */ = {isa = PBXFileReference; lastKnownFileType = folder.assetcatalog; path = Assets.xcassets; sourceTree = "<group>"; };
		077A79691F9ED49700A3BD03 /* Base */ = {isa = PBXFileReference; lastKnownFileType = file.storyboard; name = Base; path = Base.lproj/LaunchScreen.storyboard; sourceTree = "<group>"; };
		077A796B1F9ED49700A3BD03 /* Info.plist */ = {isa = PBXFileReference; lastKnownFileType = text.plist.xml; path = Info.plist; sourceTree = "<group>"; };
		077A79701F9ED49700A3BD03 /* TestSwinjectTests.xctest */ = {isa = PBXFileReference; explicitFileType = wrapper.cfbundle; includeInIndex = 0; path = TestSwinjectTests.xctest; sourceTree = BUILT_PRODUCTS_DIR; };
		077A79741F9ED49700A3BD03 /* TestSwinjectTests.swift */ = {isa = PBXFileReference; lastKnownFileType = sourcecode.swift; path = TestSwinjectTests.swift; sourceTree = "<group>"; };
		077A79761F9ED49700A3BD03 /* Info.plist */ = {isa = PBXFileReference; lastKnownFileType = text.plist.xml; path = Info.plist; sourceTree = "<group>"; };
		077A797B1F9ED49700A3BD03 /* TestSwinjectUITests.xctest */ = {isa = PBXFileReference; explicitFileType = wrapper.cfbundle; includeInIndex = 0; path = TestSwinjectUITests.xctest; sourceTree = BUILT_PRODUCTS_DIR; };
		077A797F1F9ED49700A3BD03 /* TestSwinjectUITests.swift */ = {isa = PBXFileReference; lastKnownFileType = sourcecode.swift; path = TestSwinjectUITests.swift; sourceTree = "<group>"; };
		077A79811F9ED49700A3BD03 /* Info.plist */ = {isa = PBXFileReference; lastKnownFileType = text.plist.xml; path = Info.plist; sourceTree = "<group>"; };
/* End PBXFileReference section */

/* Begin PBXFrameworksBuildPhase section */
		077A79591F9ED49700A3BD03 /* Frameworks */ = {
			isa = PBXFrameworksBuildPhase;
			buildActionMask = 2147483647;
			files = (
			);
			runOnlyForDeploymentPostprocessing = 0;
		};
		077A796D1F9ED49700A3BD03 /* Frameworks */ = {
			isa = PBXFrameworksBuildPhase;
			buildActionMask = 2147483647;
			files = (
			);
			runOnlyForDeploymentPostprocessing = 0;
		};
		077A79781F9ED49700A3BD03 /* Frameworks */ = {
			isa = PBXFrameworksBuildPhase;
			buildActionMask = 2147483647;
			files = (
			);
			runOnlyForDeploymentPostprocessing = 0;
		};
/* End PBXFrameworksBuildPhase section */

/* Begin PBXGroup section */
		077A79531F9ED49600A3BD03 = {
			isa = PBXGroup;
			children = (
				077A795E1F9ED49700A3BD03 /* TestSwinject */,
				077A79731F9ED49700A3BD03 /* TestSwinjectTests */,
				077A797E1F9ED49700A3BD03 /* TestSwinjectUITests */,
				077A795D1F9ED49700A3BD03 /* Products */,
			);
			sourceTree = "<group>";
		};
		077A795D1F9ED49700A3BD03 /* Products */ = {
			isa = PBXGroup;
			children = (
				077A795C1F9ED49700A3BD03 /* TestSwinject.app */,
				077A79701F9ED49700A3BD03 /* TestSwinjectTests.xctest */,
				077A797B1F9ED49700A3BD03 /* TestSwinjectUITests.xctest */,
			);
			name = Products;
			sourceTree = "<group>";
		};
		077A795E1F9ED49700A3BD03 /* TestSwinject */ = {
			isa = PBXGroup;
			children = (
				077A795F1F9ED49700A3BD03 /* AppDelegate.swift */,
				077A79611F9ED49700A3BD03 /* ViewController.swift */,
				077A79631F9ED49700A3BD03 /* Main.storyboard */,
				077A79661F9ED49700A3BD03 /* Assets.xcassets */,
				077A79681F9ED49700A3BD03 /* LaunchScreen.storyboard */,
				077A796B1F9ED49700A3BD03 /* Info.plist */,
			);
			path = TestSwinject;
			sourceTree = "<group>";
		};
		077A79731F9ED49700A3BD03 /* TestSwinjectTests */ = {
			isa = PBXGroup;
			children = (
				077A79741F9ED49700A3BD03 /* TestSwinjectTests.swift */,
				077A79761F9ED49700A3BD03 /* Info.plist */,
			);
			path = TestSwinjectTests;
			sourceTree = "<group>";
		};
		077A797E1F9ED49700A3BD03 /* TestSwinjectUITests */ = {
			isa = PBXGroup;
			children = (
				077A797F1F9ED49700A3BD03 /* TestSwinjectUITests.swift */,
				077A79811F9ED49700A3BD03 /* Info.plist */,
			);
			path = TestSwinjectUITests;
			sourceTree = "<group>";
		};
/* End PBXGroup section */

/* Begin PBXNativeTarget section */
		077A795B1F9ED49700A3BD03 /* TestSwinject */ = {
			isa = PBXNativeTarget;
			buildConfigurationList = 077A79841F9ED49700A3BD03 /* Build configuration list for PBXNativeTarget "TestSwinject" */;
			buildPhases = (
				077A79581F9ED49700A3BD03 /* Sources */,
				077A79591F9ED49700A3BD03 /* Frameworks */,
				077A795A1F9ED49700A3BD03 /* Resources */,
			);
			buildRules = (
			);
			dependencies = (
			);
			name = TestSwinject;
			productName = TestSwinject;
			productReference = 077A795C1F9ED49700A3BD03 /* TestSwinject.app */;
			productType = "com.apple.product-type.application";
		};
		077A796F1F9ED49700A3BD03 /* TestSwinjectTests */ = {
			isa = PBXNativeTarget;
			buildConfigurationList = 077A79871F9ED49700A3BD03 /* Build configuration list for PBXNativeTarget "TestSwinjectTests" */;
			buildPhases = (
				077A796C1F9ED49700A3BD03 /* Sources */,
				077A796D1F9ED49700A3BD03 /* Frameworks */,
				077A796E1F9ED49700A3BD03 /* Resources */,
			);
			buildRules = (
			);
			dependencies = (
				077A79721F9ED49700A3BD03 /* PBXTargetDependency */,
			);
			name = TestSwinjectTests;
			productName = TestSwinjectTests;
			productReference = 077A79701F9ED49700A3BD03 /* TestSwinjectTests.xctest */;
			productType = "com.apple.product-type.bundle.unit-test";
		};
		077A797A1F9ED49700A3BD03 /* TestSwinjectUITests */ = {
			isa = PBXNativeTarget;
			buildConfigurationList = 077A798A1F9ED49700A3BD03 /* Build configuration list for PBXNativeTarget "TestSwinjectUITests" */;
			buildPhases = (
				077A79771F9ED49700A3BD03 /* Sources */,
				077A79781F9ED49700A3BD03 /* Frameworks */,
				077A79791F9ED49700A3BD03 /* Resources */,
			);
			buildRules = (
			);
			dependencies = (
				077A797D1F9ED49700A3BD03 /* PBXTargetDependency */,
			);
			name = TestSwinjectUITests;
			productName = TestSwinjectUITests;
			productReference = 077A797B1F9ED49700A3BD03 /* TestSwinjectUITests.xctest */;
			productType = "com.apple.product-type.bundle.ui-testing";
		};
/* End PBXNativeTarget section */

/* Begin PBXProject section */
		077A79541F9ED49600A3BD03 /* Project object */ = {
			isa = PBXProject;
			attributes = {
				LastSwiftUpdateCheck = 0900;
				LastUpgradeCheck = 0900;
				ORGANIZATIONNAME = "Hiem Seyha";
				TargetAttributes = {
					077A795B1F9ED49700A3BD03 = {
						CreatedOnToolsVersion = 9.0;
						ProvisioningStyle = Automatic;
					};
					077A796F1F9ED49700A3BD03 = {
						CreatedOnToolsVersion = 9.0;
						ProvisioningStyle = Automatic;
						TestTargetID = 077A795B1F9ED49700A3BD03;
					};
					077A797A1F9ED49700A3BD03 = {
						CreatedOnToolsVersion = 9.0;
						ProvisioningStyle = Automatic;
						TestTargetID = 077A795B1F9ED49700A3BD03;
					};
				};
			};
			buildConfigurationList = 077A79571F9ED49600A3BD03 /* Build configuration list for PBXProject "TestSwinject" */;
			compatibilityVersion = "Xcode 8.0";
			developmentRegion = en;
			hasScannedForEncodings = 0;
			knownRegions = (
				en,
				Base,
			);
			mainGroup = 077A79531F9ED49600A3BD03;
			productRefGroup = 077A795D1F9ED49700A3BD03 /* Products */;
			projectDirPath = "";
			projectRoot = "";
			targets = (
				077A795B1F9ED49700A3BD03 /* TestSwinject */,
				077A796F1F9ED49700A3BD03 /* TestSwinjectTests */,
				077A797A1F9ED49700A3BD03 /* TestSwinjectUITests */,
			);
		};
/* End PBXProject section */

/* Begin PBXResourcesBuildPhase section */
		077A795A1F9ED49700A3BD03 /* Resources */ = {
			isa = PBXResourcesBuildPhase;
			buildActionMask = 2147483647;
			files = (
				077A796A1F9ED49700A3BD03 /* LaunchScreen.storyboard in Resources */,
				077A79671F9ED49700A3BD03 /* Assets.xcassets in Resources */,
				077A79651F9ED49700A3BD03 /* Main.storyboard in Resources */,
			);
			runOnlyForDeploymentPostprocessing = 0;
		};
		077A796E1F9ED49700A3BD03 /* Resources */ = {
			isa = PBXResourcesBuildPhase;
			buildActionMask = 2147483647;
			files = (
			);
			runOnlyForDeploymentPostprocessing = 0;
		};
		077A79791F9ED49700A3BD03 /* Resources */ = {
			isa = PBXResourcesBuildPhase;
			buildActionMask = 2147483647;
			files = (
			);
			runOnlyForDeploymentPostprocessing = 0;
		};
/* End PBXResourcesBuildPhase section */

/* Begin PBXSourcesBuildPhase section */
		077A79581F9ED49700A3BD03 /* Sources */ = {
			isa = PBXSourcesBuildPhase;
			buildActionMask = 2147483647;
			files = (
				077A79621F9ED49700A3BD03 /* ViewController.swift in Sources */,
				077A79601F9ED49700A3BD03 /* AppDelegate.swift in Sources */,
			);
			runOnlyForDeploymentPostprocessing = 0;
		};
		077A796C1F9ED49700A3BD03 /* Sources */ = {
			isa = PBXSourcesBuildPhase;
			buildActionMask = 2147483647;
			files = (
				077A79751F9ED49700A3BD03 /* TestSwinjectTests.swift in Sources */,
			);
			runOnlyForDeploymentPostprocessing = 0;
		};
		077A79771F9ED49700A3BD03 /* Sources */ = {
			isa = PBXSourcesBuildPhase;
			buildActionMask = 2147483647;
			files = (
				077A79801F9ED49700A3BD03 /* TestSwinjectUITests.swift in Sources */,
			);
			runOnlyForDeploymentPostprocessing = 0;
		};
/* End PBXSourcesBuildPhase section */

/* Begin PBXTargetDependency section */
		077A79721F9ED49700A3BD03 /* PBXTargetDependency */ = {
			isa = PBXTargetDependency;
			target = 077A795B1F9ED49700A3BD03 /* TestSwinject */;
			targetProxy = 077A79711F9ED49700A3BD03 /* PBXContainerItemProxy */;
		};
		077A797D1F9ED49700A3BD03 /* PBXTargetDependency */ = {
			isa = PBXTargetDependency;
			target = 077A795B1F9ED49700A3BD03 /* TestSwinject */;
			targetProxy = 077A797C1F9ED49700A3BD03 /* PBXContainerItemProxy */;
		};
/* End PBXTargetDependency section */

/* Begin PBXVariantGroup section */
		077A79631F9ED49700A3BD03 /* Main.storyboard */ = {
			isa = PBXVariantGroup;
			children = (
				077A79641F9ED49700A3BD03 /* Base */,
			);
			name = Main.storyboard;
			sourceTree = "<group>";
		};
		077A79681F9ED49700A3BD03 /* LaunchScreen.storyboard */ = {
			isa = PBXVariantGroup;
			children = (
				077A79691F9ED49700A3BD03 /* Base */,
			);
			name = LaunchScreen.storyboard;
			sourceTree = "<group>";
		};
/* End PBXVariantGroup section */

/* Begin XCBuildConfiguration section */
		077A79821F9ED49700A3BD03 /* Debug */ = {
			isa = XCBuildConfiguration;
			buildSettings = {
				ALWAYS_SEARCH_USER_PATHS = NO;
				CLANG_ANALYZER_NONNULL = YES;
				CLANG_ANALYZER_NUMBER_OBJECT_CONVERSION = YES_AGGRESSIVE;
				CLANG_CXX_LANGUAGE_STANDARD = "gnu++14";
				CLANG_CXX_LIBRARY = "libc++";
				CLANG_ENABLE_MODULES = YES;
				CLANG_ENABLE_OBJC_ARC = YES;
				CLANG_WARN_BLOCK_CAPTURE_AUTORELEASING = YES;
				CLANG_WARN_BOOL_CONVERSION = YES;
				CLANG_WARN_COMMA = YES;
				CLANG_WARN_CONSTANT_CONVERSION = YES;
				CLANG_WARN_DIRECT_OBJC_ISA_USAGE = YES_ERROR;
				CLANG_WARN_DOCUMENTATION_COMMENTS = YES;
				CLANG_WARN_EMPTY_BODY = YES;
				CLANG_WARN_ENUM_CONVERSION = YES;
				CLANG_WARN_INFINITE_RECURSION = YES;
				CLANG_WARN_INT_CONVERSION = YES;
				CLANG_WARN_NON_LITERAL_NULL_CONVERSION = YES;
				CLANG_WARN_OBJC_LITERAL_CONVERSION = YES;
				CLANG_WARN_OBJC_ROOT_CLASS = YES_ERROR;
				CLANG_WARN_RANGE_LOOP_ANALYSIS = YES;
				CLANG_WARN_STRICT_PROTOTYPES = YES;
				CLANG_WARN_SUSPICIOUS_MOVE = YES;
				CLANG_WARN_UNGUARDED_AVAILABILITY = YES_AGGRESSIVE;
				CLANG_WARN_UNREACHABLE_CODE = YES;
				CLANG_WARN__DUPLICATE_METHOD_MATCH = YES;
				CODE_SIGN_IDENTITY = "iPhone Developer";
				COPY_PHASE_STRIP = NO;
				DEBUG_INFORMATION_FORMAT = dwarf;
				ENABLE_STRICT_OBJC_MSGSEND = YES;
				ENABLE_TESTABILITY = YES;
				GCC_C_LANGUAGE_STANDARD = gnu11;
				GCC_DYNAMIC_NO_PIC = NO;
				GCC_NO_COMMON_BLOCKS = YES;
				GCC_OPTIMIZATION_LEVEL = 0;
				GCC_PREPROCESSOR_DEFINITIONS = (
					"DEBUG=1",
					"$(inherited)",
				);
				GCC_WARN_64_TO_32_BIT_CONVERSION = YES;
				GCC_WARN_ABOUT_RETURN_TYPE = YES_ERROR;
				GCC_WARN_UNDECLARED_SELECTOR = YES;
				GCC_WARN_UNINITIALIZED_AUTOS = YES_AGGRESSIVE;
				GCC_WARN_UNUSED_FUNCTION = YES;
				GCC_WARN_UNUSED_VARIABLE = YES;
				IPHONEOS_DEPLOYMENT_TARGET = 11.0;
				MTL_ENABLE_DEBUG_INFO = YES;
				ONLY_ACTIVE_ARCH = YES;
				SDKROOT = iphoneos;
				SWIFT_ACTIVE_COMPILATION_CONDITIONS = DEBUG;
				SWIFT_OPTIMIZATION_LEVEL = "-Onone";
			};
			name = Debug;
		};
		077A79831F9ED49700A3BD03 /* Release */ = {
			isa = XCBuildConfiguration;
			buildSettings = {
				ALWAYS_SEARCH_USER_PATHS = NO;
				CLANG_ANALYZER_NONNULL = YES;
				CLANG_ANALYZER_NUMBER_OBJECT_CONVERSION = YES_AGGRESSIVE;
				CLANG_CXX_LANGUAGE_STANDARD = "gnu++14";
				CLANG_CXX_LIBRARY = "libc++";
				CLANG_ENABLE_MODULES = YES;
				CLANG_ENABLE_OBJC_ARC = YES;
				CLANG_WARN_BLOCK_CAPTURE_AUTORELEASING = YES;
				CLANG_WARN_BOOL_CONVERSION = YES;
				CLANG_WARN_COMMA = YES;
				CLANG_WARN_CONSTANT_CONVERSION = YES;
				CLANG_WARN_DIRECT_OBJC_ISA_USAGE = YES_ERROR;
				CLANG_WARN_DOCUMENTATION_COMMENTS = YES;
				CLANG_WARN_EMPTY_BODY = YES;
				CLANG_WARN_ENUM_CONVERSION = YES;
				CLANG_WARN_INFINITE_RECURSION = YES;
				CLANG_WARN_INT_CONVERSION = YES;
				CLANG_WARN_NON_LITERAL_NULL_CONVERSION = YES;
				CLANG_WARN_OBJC_LITERAL_CONVERSION = YES;
				CLANG_WARN_OBJC_ROOT_CLASS = YES_ERROR;
				CLANG_WARN_RANGE_LOOP_ANALYSIS = YES;
				CLANG_WARN_STRICT_PROTOTYPES = YES;
				CLANG_WARN_SUSPICIOUS_MOVE = YES;
				CLANG_WARN_UNGUARDED_AVAILABILITY = YES_AGGRESSIVE;
				CLANG_WARN_UNREACHABLE_CODE = YES;
				CLANG_WARN__DUPLICATE_METHOD_MATCH = YES;
				CODE_SIGN_IDENTITY = "iPhone Developer";
				COPY_PHASE_STRIP = NO;
				DEBUG_INFORMATION_FORMAT = "dwarf-with-dsym";
				ENABLE_NS_ASSERTIONS = NO;
				ENABLE_STRICT_OBJC_MSGSEND = YES;
				GCC_C_LANGUAGE_STANDARD = gnu11;
				GCC_NO_COMMON_BLOCKS = YES;
				GCC_WARN_64_TO_32_BIT_CONVERSION = YES;
				GCC_WARN_ABOUT_RETURN_TYPE = YES_ERROR;
				GCC_WARN_UNDECLARED_SELECTOR = YES;
				GCC_WARN_UNINITIALIZED_AUTOS = YES_AGGRESSIVE;
				GCC_WARN_UNUSED_FUNCTION = YES;
				GCC_WARN_UNUSED_VARIABLE = YES;
				IPHONEOS_DEPLOYMENT_TARGET = 11.0;
				MTL_ENABLE_DEBUG_INFO = NO;
				SDKROOT = iphoneos;
				SWIFT_OPTIMIZATION_LEVEL = "-Owholemodule";
				VALIDATE_PRODUCT = YES;
			};
			name = Release;
		};
		077A79851F9ED49700A3BD03 /* Debug */ = {
			isa = XCBuildConfiguration;
			buildSettings = {
				ASSETCATALOG_COMPILER_APPICON_NAME = AppIcon;
				CODE_SIGN_STYLE = Automatic;
				DEVELOPMENT_TEAM = 5BNBJ8P4NB;
				INFOPLIST_FILE = TestSwinject/Info.plist;
				LD_RUNPATH_SEARCH_PATHS = "$(inherited) @executable_path/Frameworks";
				PRODUCT_BUNDLE_IDENTIFIER = dsk.TestSwinject;
				PRODUCT_NAME = "$(TARGET_NAME)";
				SWIFT_VERSION = 4.0;
				TARGETED_DEVICE_FAMILY = "1,2";
			};
			name = Debug;
		};
		077A79861F9ED49700A3BD03 /* Release */ = {
			isa = XCBuildConfiguration;
			buildSettings = {
				ASSETCATALOG_COMPILER_APPICON_NAME = AppIcon;
				CODE_SIGN_STYLE = Automatic;
				DEVELOPMENT_TEAM = 5BNBJ8P4NB;
				INFOPLIST_FILE = TestSwinject/Info.plist;
				LD_RUNPATH_SEARCH_PATHS = "$(inherited) @executable_path/Frameworks";
				PRODUCT_BUNDLE_IDENTIFIER = dsk.TestSwinject;
				PRODUCT_NAME = "$(TARGET_NAME)";
				SWIFT_VERSION = 4.0;
				TARGETED_DEVICE_FAMILY = "1,2";
			};
			name = Release;
		};
		077A79881F9ED49700A3BD03 /* Debug */ = {
			isa = XCBuildConfiguration;
			buildSettings = {
				ALWAYS_EMBED_SWIFT_STANDARD_LIBRARIES = YES;
				BUNDLE_LOADER = "$(TEST_HOST)";
				CODE_SIGN_STYLE = Automatic;
				DEVELOPMENT_TEAM = 5BNBJ8P4NB;
				INFOPLIST_FILE = TestSwinjectTests/Info.plist;
				LD_RUNPATH_SEARCH_PATHS = "$(inherited) @executable_path/Frameworks @loader_path/Frameworks";
				PRODUCT_BUNDLE_IDENTIFIER = dsk.TestSwinjectTests;
				PRODUCT_NAME = "$(TARGET_NAME)";
				SWIFT_VERSION = 4.0;
				TARGETED_DEVICE_FAMILY = "1,2";
				TEST_HOST = "$(BUILT_PRODUCTS_DIR)/TestSwinject.app/TestSwinject";
			};
			name = Debug;
		};
		077A79891F9ED49700A3BD03 /* Release */ = {
			isa = XCBuildConfiguration;
			buildSettings = {
				ALWAYS_EMBED_SWIFT_STANDARD_LIBRARIES = YES;
				BUNDLE_LOADER = "$(TEST_HOST)";
				CODE_SIGN_STYLE = Automatic;
				DEVELOPMENT_TEAM = 5BNBJ8P4NB;
				INFOPLIST_FILE = TestSwinjectTests/Info.plist;
				LD_RUNPATH_SEARCH_PATHS = "$(inherited) @executable_path/Frameworks @loader_path/Frameworks";
				PRODUCT_BUNDLE_IDENTIFIER = dsk.TestSwinjectTests;
				PRODUCT_NAME = "$(TARGET_NAME)";
				SWIFT_VERSION = 4.0;
				TARGETED_DEVICE_FAMILY = "1,2";
				TEST_HOST = "$(BUILT_PRODUCTS_DIR)/TestSwinject.app/TestSwinject";
			};
			name = Release;
		};
		077A798B1F9ED49700A3BD03 /* Debug */ = {
			isa = XCBuildConfiguration;
			buildSettings = {
				ALWAYS_EMBED_SWIFT_STANDARD_LIBRARIES = YES;
				CODE_SIGN_STYLE = Automatic;
				DEVELOPMENT_TEAM = 5BNBJ8P4NB;
				INFOPLIST_FILE = TestSwinjectUITests/Info.plist;
				LD_RUNPATH_SEARCH_PATHS = "$(inherited) @executable_path/Frameworks @loader_path/Frameworks";
				PRODUCT_BUNDLE_IDENTIFIER = dsk.TestSwinjectUITests;
				PRODUCT_NAME = "$(TARGET_NAME)";
				SWIFT_VERSION = 4.0;
				TARGETED_DEVICE_FAMILY = "1,2";
				TEST_TARGET_NAME = TestSwinject;
			};
			name = Debug;
		};
		077A798C1F9ED49700A3BD03 /* Release */ = {
			isa = XCBuildConfiguration;
			buildSettings = {
				ALWAYS_EMBED_SWIFT_STANDARD_LIBRARIES = YES;
				CODE_SIGN_STYLE = Automatic;
				DEVELOPMENT_TEAM = 5BNBJ8P4NB;
				INFOPLIST_FILE = TestSwinjectUITests/Info.plist;
				LD_RUNPATH_SEARCH_PATHS = "$(inherited) @executable_path/Frameworks @loader_path/Frameworks";
				PRODUCT_BUNDLE_IDENTIFIER = dsk.TestSwinjectUITests;
				PRODUCT_NAME = "$(TARGET_NAME)";
				SWIFT_VERSION = 4.0;
				TARGETED_DEVICE_FAMILY = "1,2";
				TEST_TARGET_NAME = TestSwinject;
			};
			name = Release;
		};
/* End XCBuildConfiguration section */

/* Begin XCConfigurationList section */
		077A79571F9ED49600A3BD03 /* Build configuration list for PBXProject "TestSwinject" */ = {
			isa = XCConfigurationList;
			buildConfigurations = (
				077A79821F9ED49700A3BD03 /* Debug */,
				077A79831F9ED49700A3BD03 /* Release */,
			);
			defaultConfigurationIsVisible = 0;
			defaultConfigurationName = Release;
		};
		077A79841F9ED49700A3BD03 /* Build configuration list for PBXNativeTarget "TestSwinject" */ = {
			isa = XCConfigurationList;
			buildConfigurations = (
				077A79851F9ED49700A3BD03 /* Debug */,
				077A79861F9ED49700A3BD03 /* Release */,
			);
			defaultConfigurationIsVisible = 0;
			defaultConfigurationName = Release;
		};
		077A79871F9ED49700A3BD03 /* Build configuration list for PBXNativeTarget "TestSwinjectTests" */ = {
			isa = XCConfigurationList;
			buildConfigurations = (
				077A79881F9ED49700A3BD03 /* Debug */,
				077A79891F9ED49700A3BD03 /* Release */,
			);
			defaultConfigurationIsVisible = 0;
			defaultConfigurationName = Release;
		};
		077A798A1F9ED49700A3BD03 /* Build configuration list for PBXNativeTarget "TestSwinjectUITests" */ = {
			isa = XCConfigurationList;
			buildConfigurations = (
				077A798B1F9ED49700A3BD03 /* Debug */,
				077A798C1F9ED49700A3BD03 /* Release */,
			);
			defaultConfigurationIsVisible = 0;
			defaultConfigurationName = Release;
		};
/* End XCConfigurationList section */
	};
	rootObject = 077A79541F9ED49600A3BD03 /* Project object */;
}
